{
  "version": 4,
  "terraform_version": "0.12.28",
  "serial": 73,
  "lineage": "8b844bc0-81b5-e640-41ac-282d58ec1221",
  "outputs": {},
  "resources": [
    {
      "mode": "managed",
      "type": "docker_image",
      "name": "go_image",
      "provider": "provider.docker",
      "instances": [
        {
          "schema_version": 0,
          "attributes": {
            "id": "sha256:e9bdcb0f0af979d51f2c22a51c666f9152ee2135f4fd8619fe7c09817d8413d8golang:1.13",
            "keep_locally": null,
            "latest": "sha256:e9bdcb0f0af979d51f2c22a51c666f9152ee2135f4fd8619fe7c09817d8413d8",
            "name": "golang:1.13",
            "pull_trigger": null,
            "pull_triggers": null
          }
        }
      ]
    }
  ]
}
