{
  "version": 4,
  "terraform_version": "0.12.28",
  "serial": 186,
  "lineage": "66e33678-cec8-e0bd-1e61-d6afdb579658",
  "outputs": {},
  "resources": [
    {
      "mode": "managed",
      "type": "docker_container",
      "name": "go_master",
      "provider": "provider.docker",
      "instances": [
        {
          "schema_version": 2,
          "attributes": {
            "attach": false,
            "bridge": "",
            "capabilities": [],
            "command": [
              "tail",
              "-f",
              "/dev/null"
            ],
            "container_logs": null,
            "cpu_set": "",
            "cpu_shares": 0,
            "destroy_grace_seconds": null,
            "devices": [],
            "dns": null,
            "dns_opts": null,
            "dns_search": null,
            "domainname": "",
            "entrypoint": [],
            "env": [],
            "exit_code": null,
            "gateway": "192.168.16.1",
            "group_add": null,
            "healthcheck": [],
            "host": [],
            "hostname": "34bd0ee310c1",
            "id": "34bd0ee310c1c1f2eb9f63fdf542a8ec99a10df91ae31408ae5996efb9366d46",
            "image": "sha256:e9bdcb0f0af979d51f2c22a51c666f9152ee2135f4fd8619fe7c09817d8413d8",
            "ip_address": "192.168.16.2",
            "ip_prefix_length": 20,
            "ipc_mode": "private",
            "labels": [],
            "links": null,
            "log_driver": "json-file",
            "log_opts": {},
            "logs": false,
            "max_retry_count": 0,
            "memory": 0,
            "memory_swap": 0,
            "mounts": [
              {
                "bind_options": [],
                "read_only": null,
                "source": "/Users/cameronwilson/go/src/PhaseIProject/master",
                "target": "/go/master",
                "tmpfs_options": [],
                "type": "bind",
                "volume_options": []
              }
            ],
            "must_run": true,
            "name": "master",
            "network_alias": null,
            "network_data": [
              {
                "gateway": "192.168.16.1",
                "ip_address": "192.168.16.2",
                "ip_prefix_length": 20,
                "network_name": "mr-network"
              }
            ],
            "network_mode": "default",
            "networks": null,
            "networks_advanced": [
              {
                "aliases": [],
                "ipv4_address": "",
                "ipv6_address": "",
                "name": "mr-network"
              }
            ],
            "pid_mode": "",
            "ports": [
              {
                "external": 4000,
                "internal": 80,
                "ip": "0.0.0.0",
                "protocol": "tcp"
              }
            ],
            "privileged": false,
            "publish_all_ports": true,
            "read_only": false,
            "restart": "no",
            "rm": false,
            "shm_size": 64,
            "start": true,
            "sysctls": null,
            "tmpfs": null,
            "ulimit": [],
            "upload": [],
            "user": "",
            "userns_mode": "",
            "volumes": [],
            "working_dir": "/go"
          },
          "private": "eyJzY2hlbWFfdmVyc2lvbiI6IjIifQ==",
          "dependencies": [
            "docker_image.go_image",
            "docker_network.private_network"
          ]
        }
      ]
    },
    {
      "mode": "managed",
      "type": "docker_container",
      "name": "go_worker1",
      "provider": "provider.docker",
      "instances": [
        {
          "schema_version": 2,
          "attributes": {
            "attach": false,
            "bridge": "",
            "capabilities": [],
            "command": [
              "tail",
              "-f",
              "/dev/null"
            ],
            "container_logs": null,
            "cpu_set": "",
            "cpu_shares": 0,
            "destroy_grace_seconds": null,
            "devices": [],
            "dns": null,
            "dns_opts": null,
            "dns_search": null,
            "domainname": "",
            "entrypoint": [],
            "env": [
              "MASTER_HOSTNAME=34bd0ee310c1c1f2eb9f63fdf542a8ec99a10df91ae31408ae5996efb9366d46\n"
            ],
            "exit_code": null,
            "gateway": "192.168.16.1",
            "group_add": null,
            "healthcheck": [],
            "host": [],
            "hostname": "b1ca2aba3da2",
            "id": "b1ca2aba3da263c4c2b6f16bdab659dba037d8651202c1946b26b693d5b9eee0",
            "image": "sha256:e9bdcb0f0af979d51f2c22a51c666f9152ee2135f4fd8619fe7c09817d8413d8",
            "ip_address": "192.168.16.4",
            "ip_prefix_length": 20,
            "ipc_mode": "private",
            "labels": [],
            "links": null,
            "log_driver": "json-file",
            "log_opts": {},
            "logs": false,
            "max_retry_count": 0,
            "memory": 0,
            "memory_swap": 0,
            "mounts": [
              {
                "bind_options": [],
                "read_only": null,
                "source": "/Users/cameronwilson/go/src/PhaseIProject/worker",
                "target": "/go/worker",
                "tmpfs_options": [],
                "type": "bind",
                "volume_options": []
              }
            ],
            "must_run": true,
            "name": "worker1",
            "network_alias": null,
            "network_data": [
              {
                "gateway": "192.168.16.1",
                "ip_address": "192.168.16.4",
                "ip_prefix_length": 20,
                "network_name": "mr-network"
              }
            ],
            "network_mode": "default",
            "networks": null,
            "networks_advanced": [
              {
                "aliases": [],
                "ipv4_address": "",
                "ipv6_address": "",
                "name": "mr-network"
              }
            ],
            "pid_mode": "",
            "ports": [],
            "privileged": false,
            "publish_all_ports": true,
            "read_only": false,
            "restart": "no",
            "rm": false,
            "shm_size": 64,
            "start": true,
            "sysctls": null,
            "tmpfs": null,
            "ulimit": [],
            "upload": [],
            "user": "",
            "userns_mode": "",
            "volumes": [],
            "working_dir": "/go"
          },
          "private": "eyJzY2hlbWFfdmVyc2lvbiI6IjIifQ==",
          "dependencies": [
            "docker_container.go_master",
            "docker_image.go_image",
            "docker_network.private_network"
          ]
        }
      ]
    },
    {
      "mode": "managed",
      "type": "docker_container",
      "name": "go_worker2",
      "provider": "provider.docker",
      "instances": [
        {
          "schema_version": 2,
          "attributes": {
            "attach": false,
            "bridge": "",
            "capabilities": [],
            "command": [
              "tail",
              "-f",
              "/dev/null"
            ],
            "container_logs": null,
            "cpu_set": "",
            "cpu_shares": 0,
            "destroy_grace_seconds": null,
            "devices": [],
            "dns": null,
            "dns_opts": null,
            "dns_search": null,
            "domainname": "",
            "entrypoint": [],
            "env": [
              "MASTER_HOSTNAME=34bd0ee310c1c1f2eb9f63fdf542a8ec99a10df91ae31408ae5996efb9366d46\n"
            ],
            "exit_code": null,
            "gateway": "192.168.16.1",
            "group_add": null,
            "healthcheck": [],
            "host": [],
            "hostname": "aba9f5f61e31",
            "id": "aba9f5f61e31a94bb6b876d469856f43da041f5de24e968f4da2f7a3d8c7d720",
            "image": "sha256:e9bdcb0f0af979d51f2c22a51c666f9152ee2135f4fd8619fe7c09817d8413d8",
            "ip_address": "192.168.16.3",
            "ip_prefix_length": 20,
            "ipc_mode": "private",
            "labels": [],
            "links": null,
            "log_driver": "json-file",
            "log_opts": {},
            "logs": false,
            "max_retry_count": 0,
            "memory": 0,
            "memory_swap": 0,
            "mounts": [
              {
                "bind_options": [],
                "read_only": null,
                "source": "/Users/cameronwilson/go/src/PhaseIProject/worker",
                "target": "/go/worker",
                "tmpfs_options": [],
                "type": "bind",
                "volume_options": []
              }
            ],
            "must_run": true,
            "name": "worker2",
            "network_alias": null,
            "network_data": [
              {
                "gateway": "192.168.16.1",
                "ip_address": "192.168.16.3",
                "ip_prefix_length": 20,
                "network_name": "mr-network"
              }
            ],
            "network_mode": "default",
            "networks": null,
            "networks_advanced": [
              {
                "aliases": [],
                "ipv4_address": "",
                "ipv6_address": "",
                "name": "mr-network"
              }
            ],
            "pid_mode": "",
            "ports": [],
            "privileged": false,
            "publish_all_ports": true,
            "read_only": false,
            "restart": "no",
            "rm": false,
            "shm_size": 64,
            "start": true,
            "sysctls": null,
            "tmpfs": null,
            "ulimit": [],
            "upload": [],
            "user": "",
            "userns_mode": "",
            "volumes": [],
            "working_dir": "/go"
          },
          "private": "eyJzY2hlbWFfdmVyc2lvbiI6IjIifQ==",
          "dependencies": [
            "docker_container.go_master",
            "docker_image.go_image",
            "docker_network.private_network"
          ]
        }
      ]
    },
    {
      "mode": "managed",
      "type": "docker_container",
      "name": "go_worker3",
      "provider": "provider.docker",
      "instances": [
        {
          "schema_version": 2,
          "attributes": {
            "attach": false,
            "bridge": "",
            "capabilities": [],
            "command": [
              "tail",
              "-f",
              "/dev/null"
            ],
            "container_logs": null,
            "cpu_set": "",
            "cpu_shares": 0,
            "destroy_grace_seconds": null,
            "devices": [],
            "dns": null,
            "dns_opts": null,
            "dns_search": null,
            "domainname": "",
            "entrypoint": [],
            "env": [
              "MASTER_HOSTNAME=34bd0ee310c1c1f2eb9f63fdf542a8ec99a10df91ae31408ae5996efb9366d46\n"
            ],
            "exit_code": null,
            "gateway": "192.168.16.1",
            "group_add": null,
            "healthcheck": [],
            "host": [],
            "hostname": "3687c2d21962",
            "id": "3687c2d21962cf2cf7a9e0013b183898a919c354c6c335d10d622d20d79b7520",
            "image": "sha256:e9bdcb0f0af979d51f2c22a51c666f9152ee2135f4fd8619fe7c09817d8413d8",
            "ip_address": "192.168.16.5",
            "ip_prefix_length": 20,
            "ipc_mode": "private",
            "labels": [],
            "links": null,
            "log_driver": "json-file",
            "log_opts": {},
            "logs": false,
            "max_retry_count": 0,
            "memory": 0,
            "memory_swap": 0,
            "mounts": [
              {
                "bind_options": [],
                "read_only": null,
                "source": "/Users/cameronwilson/go/src/PhaseIProject/worker",
                "target": "/go/worker",
                "tmpfs_options": [],
                "type": "bind",
                "volume_options": []
              }
            ],
            "must_run": true,
            "name": "worker3",
            "network_alias": null,
            "network_data": [
              {
                "gateway": "192.168.16.1",
                "ip_address": "192.168.16.5",
                "ip_prefix_length": 20,
                "network_name": "mr-network"
              }
            ],
            "network_mode": "default",
            "networks": null,
            "networks_advanced": [
              {
                "aliases": [],
                "ipv4_address": "",
                "ipv6_address": "",
                "name": "mr-network"
              }
            ],
            "pid_mode": "",
            "ports": [],
            "privileged": false,
            "publish_all_ports": true,
            "read_only": false,
            "restart": "no",
            "rm": false,
            "shm_size": 64,
            "start": true,
            "sysctls": null,
            "tmpfs": null,
            "ulimit": [],
            "upload": [],
            "user": "",
            "userns_mode": "",
            "volumes": [],
            "working_dir": "/go"
          },
          "private": "eyJzY2hlbWFfdmVyc2lvbiI6IjIifQ==",
          "dependencies": [
            "docker_container.go_master",
            "docker_image.go_image",
            "docker_network.private_network"
          ]
        }
      ]
    },
    {
      "mode": "managed",
      "type": "docker_image",
      "name": "go_image",
      "provider": "provider.docker",
      "instances": [
        {
          "schema_version": 0,
          "attributes": {
            "id": "sha256:e9bdcb0f0af979d51f2c22a51c666f9152ee2135f4fd8619fe7c09817d8413d8golang:1.13",
            "keep_locally": null,
            "latest": "sha256:e9bdcb0f0af979d51f2c22a51c666f9152ee2135f4fd8619fe7c09817d8413d8",
            "name": "golang:1.13",
            "pull_trigger": null,
            "pull_triggers": null
          }
        }
      ]
    },
    {
      "mode": "managed",
      "type": "docker_network",
      "name": "private_network",
      "provider": "provider.docker",
      "instances": [
        {
          "schema_version": 1,
          "attributes": {
            "attachable": true,
            "check_duplicate": null,
            "driver": "bridge",
            "id": "4a3316a14d3bebc9c837c1841d1947d7a59884a36ab3d16b76b05545b304ee31",
            "ingress": false,
            "internal": false,
            "ipam_config": [
              {
                "aux_address": {},
                "gateway": "192.168.16.1",
                "ip_range": "",
                "subnet": "192.168.16.0/20"
              }
            ],
            "ipam_driver": "default",
            "ipv6": false,
            "labels": [],
            "name": "mr-network",
            "options": {},
            "scope": "local"
          },
          "private": "eyJzY2hlbWFfdmVyc2lvbiI6IjEifQ=="
        }
      ]
    }
  ]
}
